
Microsoft Visual Studio Solution File, Format Version 12.00
# Visual Studio Version 17
VisualStudioVersion = 17.5.33424.131
MinimumVisualStudioVersion = 10.0.40219.1
Project("{FAE04EC0-301F-11D3-BF4B-00C04F79EFBC}") = "MotoApp", "MotoApp\MotoApp.csproj", "{724CCA38-6F74-47E1-8390-A6D00F643574}"
EndProject
Global
	GlobalSection(SolutionConfigurationPlatforms) = preSolution
		Debug|Any CPU = Debug|Any CPU
		Release|Any CPU = Release|Any CPU
	EndGlobalSection
	GlobalSection(ProjectConfigurationPlatforms) = postSolution
		{724CCA38-6F74-47E1-8390-A6D00F643574}.Debug|Any CPU.ActiveCfg = Debug|Any CPU
		{724CCA38-6F74-47E1-8390-A6D00F643574}.Debug|Any CPU.Build.0 = Debug|Any CPU
		{724CCA38-6F74-47E1-8390-A6D00F643574}.Release|Any CPU.ActiveCfg = Release|Any CPU
		{724CCA38-6F74-47E1-8390-A6D00F643574}.Release|Any CPU.Build.0 = Release|Any CPU
	EndGlobalSection
	GlobalSection(SolutionProperties) = preSolution
		HideSolutionNode = FALSE
	EndGlobalSection
	GlobalSection(ExtensibilityGlobals) = postSolution
		SolutionGuid = {ED5D7997-C6A5-44F5-8EEE-B0E662BEA611}
	EndGlobalSection
EndGlobal
